// !$*UTF8*$!
{
	archiveVersion = 1;
	classes = {
	};
	objectVersion = 55;
	objects = {

/* Begin PBXBuildFile section */
		9259D878274451D30060636C /* SimplePollApp.swift in Sources */ = {isa = PBXBuildFile; fileRef = 9259D877274451D30060636C /* SimplePollApp.swift */; };
		9259D87A274451D30060636C /* ContentView.swift in Sources */ = {isa = PBXBuildFile; fileRef = 9259D879274451D30060636C /* ContentView.swift */; };
		9259D87C274451D40060636C /* Assets.xcassets in Resources */ = {isa = PBXBuildFile; fileRef = 9259D87B274451D40060636C /* Assets.xcassets */; };
		9259D87F274451D40060636C /* Preview Assets.xcassets in Resources */ = {isa = PBXBuildFile; fileRef = 9259D87E274451D40060636C /* Preview Assets.xcassets */; };
		9259D889274451D40060636C /* SimplePollTests.swift in Sources */ = {isa = PBXBuildFile; fileRef = 9259D888274451D40060636C /* SimplePollTests.swift */; };
		9259D893274451D40060636C /* SimplePollUITests.swift in Sources */ = {isa = PBXBuildFile; fileRef = 9259D892274451D40060636C /* SimplePollUITests.swift */; };
		9259D895274451D40060636C /* SimplePollUITestsLaunchTests.swift in Sources */ = {isa = PBXBuildFile; fileRef = 9259D894274451D40060636C /* SimplePollUITestsLaunchTests.swift */; };
		926CAC3227447BA200AB0459 /* HomeView.swift in Sources */ = {isa = PBXBuildFile; fileRef = 926CAC3127447BA200AB0459 /* HomeView.swift */; };
		926CAC362744824100AB0459 /* MakePollView.swift in Sources */ = {isa = PBXBuildFile; fileRef = 926CAC352744824000AB0459 /* MakePollView.swift */; };
		926CAC392744827900AB0459 /* PollListView.swift in Sources */ = {isa = PBXBuildFile; fileRef = 926CAC382744827900AB0459 /* PollListView.swift */; };
		926CAC3B27448C4C00AB0459 /* MakePollViewModel.swift in Sources */ = {isa = PBXBuildFile; fileRef = 926CAC3A27448C4C00AB0459 /* MakePollViewModel.swift */; };
		926CAC3D2745622600AB0459 /* Poll.swift in Sources */ = {isa = PBXBuildFile; fileRef = 926CAC3C2745622600AB0459 /* Poll.swift */; };
		926CAC3F2745749800AB0459 /* PollResult.swift in Sources */ = {isa = PBXBuildFile; fileRef = 926CAC3E2745749800AB0459 /* PollResult.swift */; };
		926CAC412745752600AB0459 /* Option.swift in Sources */ = {isa = PBXBuildFile; fileRef = 926CAC402745752600AB0459 /* Option.swift */; };
		926CAC442745B5AB00AB0459 /* NetworkManager.swift in Sources */ = {isa = PBXBuildFile; fileRef = 926CAC432745B5AB00AB0459 /* NetworkManager.swift */; };
		926CAC472745B5DB00AB0459 /* SPError.swift in Sources */ = {isa = PBXBuildFile; fileRef = 926CAC462745B5DB00AB0459 /* SPError.swift */; };
		926CAC4A2745BD9900AB0459 /* PollVoteView.swift in Sources */ = {isa = PBXBuildFile; fileRef = 926CAC492745BD9900AB0459 /* PollVoteView.swift */; };
		926CAC4C2745D3BA00AB0459 /* PollVoteViewModel.swift in Sources */ = {isa = PBXBuildFile; fileRef = 926CAC4B2745D3BA00AB0459 /* PollVoteViewModel.swift */; };
/* End PBXBuildFile section */

/* Begin PBXContainerItemProxy section */
		9259D885274451D40060636C /* PBXContainerItemProxy */ = {
			isa = PBXContainerItemProxy;
			containerPortal = 9259D86C274451D30060636C /* Project object */;
			proxyType = 1;
			remoteGlobalIDString = 9259D873274451D30060636C;
			remoteInfo = SimplePoll;
		};
		9259D88F274451D40060636C /* PBXContainerItemProxy */ = {
			isa = PBXContainerItemProxy;
			containerPortal = 9259D86C274451D30060636C /* Project object */;
			proxyType = 1;
			remoteGlobalIDString = 9259D873274451D30060636C;
			remoteInfo = SimplePoll;
		};
/* End PBXContainerItemProxy section */

/* Begin PBXFileReference section */
		9259D874274451D30060636C /* SimplePoll.app */ = {isa = PBXFileReference; explicitFileType = wrapper.application; includeInIndex = 0; path = SimplePoll.app; sourceTree = BUILT_PRODUCTS_DIR; };
		9259D877274451D30060636C /* SimplePollApp.swift */ = {isa = PBXFileReference; lastKnownFileType = sourcecode.swift; path = SimplePollApp.swift; sourceTree = "<group>"; };
		9259D879274451D30060636C /* ContentView.swift */ = {isa = PBXFileReference; lastKnownFileType = sourcecode.swift; path = ContentView.swift; sourceTree = "<group>"; };
		9259D87B274451D40060636C /* Assets.xcassets */ = {isa = PBXFileReference; lastKnownFileType = folder.assetcatalog; path = Assets.xcassets; sourceTree = "<group>"; };
		9259D87E274451D40060636C /* Preview Assets.xcassets */ = {isa = PBXFileReference; lastKnownFileType = folder.assetcatalog; path = "Preview Assets.xcassets"; sourceTree = "<group>"; };
		9259D884274451D40060636C /* SimplePollTests.xctest */ = {isa = PBXFileReference; explicitFileType = wrapper.cfbundle; includeInIndex = 0; path = SimplePollTests.xctest; sourceTree = BUILT_PRODUCTS_DIR; };
		9259D888274451D40060636C /* SimplePollTests.swift */ = {isa = PBXFileReference; lastKnownFileType = sourcecode.swift; path = SimplePollTests.swift; sourceTree = "<group>"; };
		9259D88E274451D40060636C /* SimplePollUITests.xctest */ = {isa = PBXFileReference; explicitFileType = wrapper.cfbundle; includeInIndex = 0; path = SimplePollUITests.xctest; sourceTree = BUILT_PRODUCTS_DIR; };
		9259D892274451D40060636C /* SimplePollUITests.swift */ = {isa = PBXFileReference; lastKnownFileType = sourcecode.swift; path = SimplePollUITests.swift; sourceTree = "<group>"; };
		9259D894274451D40060636C /* SimplePollUITestsLaunchTests.swift */ = {isa = PBXFileReference; lastKnownFileType = sourcecode.swift; path = SimplePollUITestsLaunchTests.swift; sourceTree = "<group>"; };
		926CAC3127447BA200AB0459 /* HomeView.swift */ = {isa = PBXFileReference; lastKnownFileType = sourcecode.swift; path = HomeView.swift; sourceTree = "<group>"; };
		926CAC352744824000AB0459 /* MakePollView.swift */ = {isa = PBXFileReference; lastKnownFileType = sourcecode.swift; path = MakePollView.swift; sourceTree = "<group>"; };
		926CAC382744827900AB0459 /* PollListView.swift */ = {isa = PBXFileReference; lastKnownFileType = sourcecode.swift; path = PollListView.swift; sourceTree = "<group>"; };
		926CAC3A27448C4C00AB0459 /* MakePollViewModel.swift */ = {isa = PBXFileReference; lastKnownFileType = sourcecode.swift; path = MakePollViewModel.swift; sourceTree = "<group>"; };
		926CAC3C2745622600AB0459 /* Poll.swift */ = {isa = PBXFileReference; lastKnownFileType = sourcecode.swift; path = Poll.swift; sourceTree = "<group>"; };
		926CAC3E2745749800AB0459 /* PollResult.swift */ = {isa = PBXFileReference; lastKnownFileType = sourcecode.swift; path = PollResult.swift; sourceTree = "<group>"; };
		926CAC402745752600AB0459 /* Option.swift */ = {isa = PBXFileReference; lastKnownFileType = sourcecode.swift; path = Option.swift; sourceTree = "<group>"; };
		926CAC432745B5AB00AB0459 /* NetworkManager.swift */ = {isa = PBXFileReference; lastKnownFileType = sourcecode.swift; path = NetworkManager.swift; sourceTree = "<group>"; };
		926CAC462745B5DB00AB0459 /* SPError.swift */ = {isa = PBXFileReference; lastKnownFileType = sourcecode.swift; path = SPError.swift; sourceTree = "<group>"; };
		926CAC492745BD9900AB0459 /* PollVoteView.swift */ = {isa = PBXFileReference; lastKnownFileType = sourcecode.swift; path = PollVoteView.swift; sourceTree = "<group>"; };
		926CAC4B2745D3BA00AB0459 /* PollVoteViewModel.swift */ = {isa = PBXFileReference; lastKnownFileType = sourcecode.swift; path = PollVoteViewModel.swift; sourceTree = "<group>"; };
/* End PBXFileReference section */

/* Begin PBXFrameworksBuildPhase section */
		9259D871274451D30060636C /* Frameworks */ = {
			isa = PBXFrameworksBuildPhase;
			buildActionMask = 2147483647;
			files = (
			);
			runOnlyForDeploymentPostprocessing = 0;
		};
		9259D881274451D40060636C /* Frameworks */ = {
			isa = PBXFrameworksBuildPhase;
			buildActionMask = 2147483647;
			files = (
			);
			runOnlyForDeploymentPostprocessing = 0;
		};
		9259D88B274451D40060636C /* Frameworks */ = {
			isa = PBXFrameworksBuildPhase;
			buildActionMask = 2147483647;
			files = (
			);
			runOnlyForDeploymentPostprocessing = 0;
		};
/* End PBXFrameworksBuildPhase section */

/* Begin PBXGroup section */
		9259D86B274451D30060636C = {
			isa = PBXGroup;
			children = (
				9259D876274451D30060636C /* SimplePoll */,
				9259D887274451D40060636C /* SimplePollTests */,
				9259D891274451D40060636C /* SimplePollUITests */,
				9259D875274451D30060636C /* Products */,
			);
			sourceTree = "<group>";
		};
		9259D875274451D30060636C /* Products */ = {
			isa = PBXGroup;
			children = (
				9259D874274451D30060636C /* SimplePoll.app */,
				9259D884274451D40060636C /* SimplePollTests.xctest */,
				9259D88E274451D40060636C /* SimplePollUITests.xctest */,
			);
			name = Products;
			sourceTree = "<group>";
		};
		9259D876274451D30060636C /* SimplePoll */ = {
			isa = PBXGroup;
			children = (
				926CAC452745B5CF00AB0459 /* Utilities */,
				926CAC422745B59D00AB0459 /* Managers */,
				926CAC2E27447B8100AB0459 /* View */,
				926CAC2D27447B7D00AB0459 /* Model */,
				9259D877274451D30060636C /* SimplePollApp.swift */,
				9259D879274451D30060636C /* ContentView.swift */,
				9259D87B274451D40060636C /* Assets.xcassets */,
				9259D87D274451D40060636C /* Preview Content */,
			);
			path = SimplePoll;
			sourceTree = "<group>";
		};
		9259D87D274451D40060636C /* Preview Content */ = {
			isa = PBXGroup;
			children = (
				9259D87E274451D40060636C /* Preview Assets.xcassets */,
			);
			path = "Preview Content";
			sourceTree = "<group>";
		};
		9259D887274451D40060636C /* SimplePollTests */ = {
			isa = PBXGroup;
			children = (
				9259D888274451D40060636C /* SimplePollTests.swift */,
			);
			path = SimplePollTests;
			sourceTree = "<group>";
		};
		9259D891274451D40060636C /* SimplePollUITests */ = {
			isa = PBXGroup;
			children = (
				9259D892274451D40060636C /* SimplePollUITests.swift */,
				9259D894274451D40060636C /* SimplePollUITestsLaunchTests.swift */,
			);
			path = SimplePollUITests;
			sourceTree = "<group>";
		};
		926CAC2D27447B7D00AB0459 /* Model */ = {
			isa = PBXGroup;
			children = (
				926CAC3C2745622600AB0459 /* Poll.swift */,
				926CAC3E2745749800AB0459 /* PollResult.swift */,
				926CAC402745752600AB0459 /* Option.swift */,
			);
			path = Model;
			sourceTree = "<group>";
		};
		926CAC2E27447B8100AB0459 /* View */ = {
			isa = PBXGroup;
			children = (
				926CAC482745BD8700AB0459 /* PollVote */,
				926CAC372744826600AB0459 /* PollList */,
				926CAC332744822F00AB0459 /* MakePoll */,
				926CAC3127447BA200AB0459 /* HomeView.swift */,
			);
			path = View;
			sourceTree = "<group>";
		};
		926CAC332744822F00AB0459 /* MakePoll */ = {
			isa = PBXGroup;
			children = (
				926CAC352744824000AB0459 /* MakePollView.swift */,
				926CAC3A27448C4C00AB0459 /* MakePollViewModel.swift */,
			);
			path = MakePoll;
			sourceTree = "<group>";
		};
		926CAC372744826600AB0459 /* PollList */ = {
			isa = PBXGroup;
			children = (
				926CAC382744827900AB0459 /* PollListView.swift */,
			);
			path = PollList;
			sourceTree = "<group>";
		};
		926CAC422745B59D00AB0459 /* Managers */ = {
			isa = PBXGroup;
			children = (
				926CAC432745B5AB00AB0459 /* NetworkManager.swift */,
			);
			path = Managers;
			sourceTree = "<group>";
		};
		926CAC452745B5CF00AB0459 /* Utilities */ = {
			isa = PBXGroup;
			children = (
				926CAC462745B5DB00AB0459 /* SPError.swift */,
			);
			path = Utilities;
			sourceTree = "<group>";
		};
		926CAC482745BD8700AB0459 /* PollVote */ = {
			isa = PBXGroup;
			children = (
				926CAC492745BD9900AB0459 /* PollVoteView.swift */,
				926CAC4B2745D3BA00AB0459 /* PollVoteViewModel.swift */,
			);
			path = PollVote;
			sourceTree = "<group>";
		};
/* End PBXGroup section */

/* Begin PBXNativeTarget section */
		9259D873274451D30060636C /* SimplePoll */ = {
			isa = PBXNativeTarget;
			buildConfigurationList = 9259D898274451D50060636C /* Build configuration list for PBXNativeTarget "SimplePoll" */;
			buildPhases = (
				9259D870274451D30060636C /* Sources */,
				9259D871274451D30060636C /* Frameworks */,
				9259D872274451D30060636C /* Resources */,
			);
			buildRules = (
			);
			dependencies = (
			);
			name = SimplePoll;
			productName = SimplePoll;
			productReference = 9259D874274451D30060636C /* SimplePoll.app */;
			productType = "com.apple.product-type.application";
		};
		9259D883274451D40060636C /* SimplePollTests */ = {
			isa = PBXNativeTarget;
			buildConfigurationList = 9259D89B274451D50060636C /* Build configuration list for PBXNativeTarget "SimplePollTests" */;
			buildPhases = (
				9259D880274451D40060636C /* Sources */,
				9259D881274451D40060636C /* Frameworks */,
				9259D882274451D40060636C /* Resources */,
			);
			buildRules = (
			);
			dependencies = (
				9259D886274451D40060636C /* PBXTargetDependency */,
			);
			name = SimplePollTests;
			productName = SimplePollTests;
			productReference = 9259D884274451D40060636C /* SimplePollTests.xctest */;
			productType = "com.apple.product-type.bundle.unit-test";
		};
		9259D88D274451D40060636C /* SimplePollUITests */ = {
			isa = PBXNativeTarget;
			buildConfigurationList = 9259D89E274451D50060636C /* Build configuration list for PBXNativeTarget "SimplePollUITests" */;
			buildPhases = (
				9259D88A274451D40060636C /* Sources */,
				9259D88B274451D40060636C /* Frameworks */,
				9259D88C274451D40060636C /* Resources */,
			);
			buildRules = (
			);
			dependencies = (
				9259D890274451D40060636C /* PBXTargetDependency */,
			);
			name = SimplePollUITests;
			productName = SimplePollUITests;
			productReference = 9259D88E274451D40060636C /* SimplePollUITests.xctest */;
			productType = "com.apple.product-type.bundle.ui-testing";
		};
/* End PBXNativeTarget section */

/* Begin PBXProject section */
		9259D86C274451D30060636C /* Project object */ = {
			isa = PBXProject;
			attributes = {
				BuildIndependentTargetsInParallel = 1;
				LastSwiftUpdateCheck = 1310;
				LastUpgradeCheck = 1310;
				TargetAttributes = {
					9259D873274451D30060636C = {
						CreatedOnToolsVersion = 13.1;
					};
					9259D883274451D40060636C = {
						CreatedOnToolsVersion = 13.1;
						TestTargetID = 9259D873274451D30060636C;
					};
					9259D88D274451D40060636C = {
						CreatedOnToolsVersion = 13.1;
						TestTargetID = 9259D873274451D30060636C;
					};
				};
			};
			buildConfigurationList = 9259D86F274451D30060636C /* Build configuration list for PBXProject "SimplePoll" */;
			compatibilityVersion = "Xcode 13.0";
			developmentRegion = en;
			hasScannedForEncodings = 0;
			knownRegions = (
				en,
				Base,
			);
			mainGroup = 9259D86B274451D30060636C;
			productRefGroup = 9259D875274451D30060636C /* Products */;
			projectDirPath = "";
			projectRoot = "";
			targets = (
				9259D873274451D30060636C /* SimplePoll */,
				9259D883274451D40060636C /* SimplePollTests */,
				9259D88D274451D40060636C /* SimplePollUITests */,
			);
		};
/* End PBXProject section */

/* Begin PBXResourcesBuildPhase section */
		9259D872274451D30060636C /* Resources */ = {
			isa = PBXResourcesBuildPhase;
			buildActionMask = 2147483647;
			files = (
				9259D87F274451D40060636C /* Preview Assets.xcassets in Resources */,
				9259D87C274451D40060636C /* Assets.xcassets in Resources */,
			);
			runOnlyForDeploymentPostprocessing = 0;
		};
		9259D882274451D40060636C /* Resources */ = {
			isa = PBXResourcesBuildPhase;
			buildActionMask = 2147483647;
			files = (
			);
			runOnlyForDeploymentPostprocessing = 0;
		};
		9259D88C274451D40060636C /* Resources */ = {
			isa = PBXResourcesBuildPhase;
			buildActionMask = 2147483647;
			files = (
			);
			runOnlyForDeploymentPostprocessing = 0;
		};
/* End PBXResourcesBuildPhase section */

/* Begin PBXSourcesBuildPhase section */
		9259D870274451D30060636C /* Sources */ = {
			isa = PBXSourcesBuildPhase;
			buildActionMask = 2147483647;
			files = (
				926CAC392744827900AB0459 /* PollListView.swift in Sources */,
				926CAC3F2745749800AB0459 /* PollResult.swift in Sources */,
				926CAC442745B5AB00AB0459 /* NetworkManager.swift in Sources */,
				926CAC3227447BA200AB0459 /* HomeView.swift in Sources */,
				926CAC362744824100AB0459 /* MakePollView.swift in Sources */,
				926CAC472745B5DB00AB0459 /* SPError.swift in Sources */,
				926CAC3D2745622600AB0459 /* Poll.swift in Sources */,
				926CAC3B27448C4C00AB0459 /* MakePollViewModel.swift in Sources */,
				9259D87A274451D30060636C /* ContentView.swift in Sources */,
				926CAC4A2745BD9900AB0459 /* PollVoteView.swift in Sources */,
				926CAC412745752600AB0459 /* Option.swift in Sources */,
				9259D878274451D30060636C /* SimplePollApp.swift in Sources */,
				926CAC4C2745D3BA00AB0459 /* PollVoteViewModel.swift in Sources */,
			);
			runOnlyForDeploymentPostprocessing = 0;
		};
		9259D880274451D40060636C /* Sources */ = {
			isa = PBXSourcesBuildPhase;
			buildActionMask = 2147483647;
			files = (
				9259D889274451D40060636C /* SimplePollTests.swift in Sources */,
			);
			runOnlyForDeploymentPostprocessing = 0;
		};
		9259D88A274451D40060636C /* Sources */ = {
			isa = PBXSourcesBuildPhase;
			buildActionMask = 2147483647;
			files = (
				9259D893274451D40060636C /* SimplePollUITests.swift in Sources */,
				9259D895274451D40060636C /* SimplePollUITestsLaunchTests.swift in Sources */,
			);
			runOnlyForDeploymentPostprocessing = 0;
		};
/* End PBXSourcesBuildPhase section */

/* Begin PBXTargetDependency section */
		9259D886274451D40060636C /* PBXTargetDependency */ = {
			isa = PBXTargetDependency;
			target = 9259D873274451D30060636C /* SimplePoll */;
			targetProxy = 9259D885274451D40060636C /* PBXContainerItemProxy */;
		};
		9259D890274451D40060636C /* PBXTargetDependency */ = {
			isa = PBXTargetDependency;
			target = 9259D873274451D30060636C /* SimplePoll */;
			targetProxy = 9259D88F274451D40060636C /* PBXContainerItemProxy */;
		};
/* End PBXTargetDependency section */

/* Begin XCBuildConfiguration section */
		9259D896274451D50060636C /* Debug */ = {
			isa = XCBuildConfiguration;
			buildSettings = {
				ALWAYS_SEARCH_USER_PATHS = NO;
				CLANG_ANALYZER_NONNULL = YES;
				CLANG_ANALYZER_NUMBER_OBJECT_CONVERSION = YES_AGGRESSIVE;
				CLANG_CXX_LANGUAGE_STANDARD = "gnu++17";
				CLANG_CXX_LIBRARY = "libc++";
				CLANG_ENABLE_MODULES = YES;
				CLANG_ENABLE_OBJC_ARC = YES;
				CLANG_ENABLE_OBJC_WEAK = YES;
				CLANG_WARN_BLOCK_CAPTURE_AUTORELEASING = YES;
				CLANG_WARN_BOOL_CONVERSION = YES;
				CLANG_WARN_COMMA = YES;
				CLANG_WARN_CONSTANT_CONVERSION = YES;
				CLANG_WARN_DEPRECATED_OBJC_IMPLEMENTATIONS = YES;
				CLANG_WARN_DIRECT_OBJC_ISA_USAGE = YES_ERROR;
				CLANG_WARN_DOCUMENTATION_COMMENTS = YES;
				CLANG_WARN_EMPTY_BODY = YES;
				CLANG_WARN_ENUM_CONVERSION = YES;
				CLANG_WARN_INFINITE_RECURSION = YES;
				CLANG_WARN_INT_CONVERSION = YES;
				CLANG_WARN_NON_LITERAL_NULL_CONVERSION = YES;
				CLANG_WARN_OBJC_IMPLICIT_RETAIN_SELF = YES;
				CLANG_WARN_OBJC_LITERAL_CONVERSION = YES;
				CLANG_WARN_OBJC_ROOT_CLASS = YES_ERROR;
				CLANG_WARN_QUOTED_INCLUDE_IN_FRAMEWORK_HEADER = YES;
				CLANG_WARN_RANGE_LOOP_ANALYSIS = YES;
				CLANG_WARN_STRICT_PROTOTYPES = YES;
				CLANG_WARN_SUSPICIOUS_MOVE = YES;
				CLANG_WARN_UNGUARDED_AVAILABILITY = YES_AGGRESSIVE;
				CLANG_WARN_UNREACHABLE_CODE = YES;
				CLANG_WARN__DUPLICATE_METHOD_MATCH = YES;
				COPY_PHASE_STRIP = NO;
				DEBUG_INFORMATION_FORMAT = dwarf;
				ENABLE_STRICT_OBJC_MSGSEND = YES;
				ENABLE_TESTABILITY = YES;
				GCC_C_LANGUAGE_STANDARD = gnu11;
				GCC_DYNAMIC_NO_PIC = NO;
				GCC_NO_COMMON_BLOCKS = YES;
				GCC_OPTIMIZATION_LEVEL = 0;
				GCC_PREPROCESSOR_DEFINITIONS = (
					"DEBUG=1",
					"$(inherited)",
				);
				GCC_WARN_64_TO_32_BIT_CONVERSION = YES;
				GCC_WARN_ABOUT_RETURN_TYPE = YES_ERROR;
				GCC_WARN_UNDECLARED_SELECTOR = YES;
				GCC_WARN_UNINITIALIZED_AUTOS = YES_AGGRESSIVE;
				GCC_WARN_UNUSED_FUNCTION = YES;
				GCC_WARN_UNUSED_VARIABLE = YES;
				IPHONEOS_DEPLOYMENT_TARGET = 15.0;
				MTL_ENABLE_DEBUG_INFO = INCLUDE_SOURCE;
				MTL_FAST_MATH = YES;
				ONLY_ACTIVE_ARCH = YES;
				SDKROOT = iphoneos;
				SWIFT_ACTIVE_COMPILATION_CONDITIONS = DEBUG;
				SWIFT_OPTIMIZATION_LEVEL = "-Onone";
			};
			name = Debug;
		};
		9259D897274451D50060636C /* Release */ = {
			isa = XCBuildConfiguration;
			buildSettings = {
				ALWAYS_SEARCH_USER_PATHS = NO;
				CLANG_ANALYZER_NONNULL = YES;
				CLANG_ANALYZER_NUMBER_OBJECT_CONVERSION = YES_AGGRESSIVE;
				CLANG_CXX_LANGUAGE_STANDARD = "gnu++17";
				CLANG_CXX_LIBRARY = "libc++";
				CLANG_ENABLE_MODULES = YES;
				CLANG_ENABLE_OBJC_ARC = YES;
				CLANG_ENABLE_OBJC_WEAK = YES;
				CLANG_WARN_BLOCK_CAPTURE_AUTORELEASING = YES;
				CLANG_WARN_BOOL_CONVERSION = YES;
				CLANG_WARN_COMMA = YES;
				CLANG_WARN_CONSTANT_CONVERSION = YES;
				CLANG_WARN_DEPRECATED_OBJC_IMPLEMENTATIONS = YES;
				CLANG_WARN_DIRECT_OBJC_ISA_USAGE = YES_ERROR;
				CLANG_WARN_DOCUMENTATION_COMMENTS = YES;
				CLANG_WARN_EMPTY_BODY = YES;
				CLANG_WARN_ENUM_CONVERSION = YES;
				CLANG_WARN_INFINITE_RECURSION = YES;
				CLANG_WARN_INT_CONVERSION = YES;
				CLANG_WARN_NON_LITERAL_NULL_CONVERSION = YES;
				CLANG_WARN_OBJC_IMPLICIT_RETAIN_SELF = YES;
				CLANG_WARN_OBJC_LITERAL_CONVERSION = YES;
				CLANG_WARN_OBJC_ROOT_CLASS = YES_ERROR;
				CLANG_WARN_QUOTED_INCLUDE_IN_FRAMEWORK_HEADER = YES;
				CLANG_WARN_RANGE_LOOP_ANALYSIS = YES;
				CLANG_WARN_STRICT_PROTOTYPES = YES;
				CLANG_WARN_SUSPICIOUS_MOVE = YES;
				CLANG_WARN_UNGUARDED_AVAILABILITY = YES_AGGRESSIVE;
				CLANG_WARN_UNREACHABLE_CODE = YES;
				CLANG_WARN__DUPLICATE_METHOD_MATCH = YES;
				COPY_PHASE_STRIP = NO;
				DEBUG_INFORMATION_FORMAT = "dwarf-with-dsym";
				ENABLE_NS_ASSERTIONS = NO;
				ENABLE_STRICT_OBJC_MSGSEND = YES;
				GCC_C_LANGUAGE_STANDARD = gnu11;
				GCC_NO_COMMON_BLOCKS = YES;
				GCC_WARN_64_TO_32_BIT_CONVERSION = YES;
				GCC_WARN_ABOUT_RETURN_TYPE = YES_ERROR;
				GCC_WARN_UNDECLARED_SELECTOR = YES;
				GCC_WARN_UNINITIALIZED_AUTOS = YES_AGGRESSIVE;
				GCC_WARN_UNUSED_FUNCTION = YES;
				GCC_WARN_UNUSED_VARIABLE = YES;
				IPHONEOS_DEPLOYMENT_TARGET = 15.0;
				MTL_ENABLE_DEBUG_INFO = NO;
				MTL_FAST_MATH = YES;
				SDKROOT = iphoneos;
				SWIFT_COMPILATION_MODE = wholemodule;
				SWIFT_OPTIMIZATION_LEVEL = "-O";
				VALIDATE_PRODUCT = YES;
			};
			name = Release;
		};
		9259D899274451D50060636C /* Debug */ = {
			isa = XCBuildConfiguration;
			buildSettings = {
				ASSETCATALOG_COMPILER_APPICON_NAME = AppIcon;
				ASSETCATALOG_COMPILER_GLOBAL_ACCENT_COLOR_NAME = AccentColor;
				CODE_SIGN_STYLE = Automatic;
				CURRENT_PROJECT_VERSION = 1;
				DEVELOPMENT_ASSET_PATHS = "\"SimplePoll/Preview Content\"";
				DEVELOPMENT_TEAM = QB53JF3SDG;
				ENABLE_PREVIEWS = YES;
				GENERATE_INFOPLIST_FILE = YES;
				INFOPLIST_KEY_UIApplicationSceneManifest_Generation = YES;
				INFOPLIST_KEY_UIApplicationSupportsIndirectInputEvents = YES;
				INFOPLIST_KEY_UILaunchScreen_Generation = YES;
				INFOPLIST_KEY_UISupportedInterfaceOrientations_iPad = "UIInterfaceOrientationPortrait UIInterfaceOrientationPortraitUpsideDown UIInterfaceOrientationLandscapeLeft UIInterfaceOrientationLandscapeRight";
				INFOPLIST_KEY_UISupportedInterfaceOrientations_iPhone = "UIInterfaceOrientationPortrait UIInterfaceOrientationLandscapeLeft UIInterfaceOrientationLandscapeRight";
				LD_RUNPATH_SEARCH_PATHS = (
					"$(inherited)",
					"@executable_path/Frameworks",
				);
				MARKETING_VERSION = 1.0;
				PRODUCT_BUNDLE_IDENTIFIER = com.ayaanmahimwala.SimplePoll;
				PRODUCT_NAME = "$(TARGET_NAME)";
				SWIFT_EMIT_LOC_STRINGS = YES;
				SWIFT_VERSION = 5.0;
				TARGETED_DEVICE_FAMILY = "1,2";
			};
			name = Debug;
		};
		9259D89A274451D50060636C /* Release */ = {
			isa = XCBuildConfiguration;
			buildSettings = {
				ASSETCATALOG_COMPILER_APPICON_NAME = AppIcon;
				ASSETCATALOG_COMPILER_GLOBAL_ACCENT_COLOR_NAME = AccentColor;
				CODE_SIGN_STYLE = Automatic;
				CURRENT_PROJECT_VERSION = 1;
				DEVELOPMENT_ASSET_PATHS = "\"SimplePoll/Preview Content\"";
				DEVELOPMENT_TEAM = QB53JF3SDG;
				ENABLE_PREVIEWS = YES;
				GENERATE_INFOPLIST_FILE = YES;
				INFOPLIST_KEY_UIApplicationSceneManifest_Generation = YES;
				INFOPLIST_KEY_UIApplicationSupportsIndirectInputEvents = YES;
				INFOPLIST_KEY_UILaunchScreen_Generation = YES;
				INFOPLIST_KEY_UISupportedInterfaceOrientations_iPad = "UIInterfaceOrientationPortrait UIInterfaceOrientationPortraitUpsideDown UIInterfaceOrientationLandscapeLeft UIInterfaceOrientationLandscapeRight";
				INFOPLIST_KEY_UISupportedInterfaceOrientations_iPhone = "UIInterfaceOrientationPortrait UIInterfaceOrientationLandscapeLeft UIInterfaceOrientationLandscapeRight";
				LD_RUNPATH_SEARCH_PATHS = (
					"$(inherited)",
					"@executable_path/Frameworks",
				);
				MARKETING_VERSION = 1.0;
				PRODUCT_BUNDLE_IDENTIFIER = com.ayaanmahimwala.SimplePoll;
				PRODUCT_NAME = "$(TARGET_NAME)";
				SWIFT_EMIT_LOC_STRINGS = YES;
				SWIFT_VERSION = 5.0;
				TARGETED_DEVICE_FAMILY = "1,2";
			};
			name = Release;
		};
		9259D89C274451D50060636C /* Debug */ = {
			isa = XCBuildConfiguration;
			buildSettings = {
				ALWAYS_EMBED_SWIFT_STANDARD_LIBRARIES = YES;
				BUNDLE_LOADER = "$(TEST_HOST)";
				CODE_SIGN_STYLE = Automatic;
				CURRENT_PROJECT_VERSION = 1;
				DEVELOPMENT_TEAM = QB53JF3SDG;
				GENERATE_INFOPLIST_FILE = YES;
				IPHONEOS_DEPLOYMENT_TARGET = 15.0;
				LD_RUNPATH_SEARCH_PATHS = (
					"$(inherited)",
					"@executable_path/Frameworks",
					"@loader_path/Frameworks",
				);
				MARKETING_VERSION = 1.0;
				PRODUCT_BUNDLE_IDENTIFIER = com.ayaanmahimwala.SimplePollTests;
				PRODUCT_NAME = "$(TARGET_NAME)";
				SWIFT_EMIT_LOC_STRINGS = NO;
				SWIFT_VERSION = 5.0;
				TARGETED_DEVICE_FAMILY = "1,2";
				TEST_HOST = "$(BUILT_PRODUCTS_DIR)/SimplePoll.app/SimplePoll";
			};
			name = Debug;
		};
		9259D89D274451D50060636C /* Release */ = {
			isa = XCBuildConfiguration;
			buildSettings = {
				ALWAYS_EMBED_SWIFT_STANDARD_LIBRARIES = YES;
				BUNDLE_LOADER = "$(TEST_HOST)";
				CODE_SIGN_STYLE = Automatic;
				CURRENT_PROJECT_VERSION = 1;
				DEVELOPMENT_TEAM = QB53JF3SDG;
				GENERATE_INFOPLIST_FILE = YES;
				IPHONEOS_DEPLOYMENT_TARGET = 15.0;
				LD_RUNPATH_SEARCH_PATHS = (
					"$(inherited)",
					"@executable_path/Frameworks",
					"@loader_path/Frameworks",
				);
				MARKETING_VERSION = 1.0;
				PRODUCT_BUNDLE_IDENTIFIER = com.ayaanmahimwala.SimplePollTests;
				PRODUCT_NAME = "$(TARGET_NAME)";
				SWIFT_EMIT_LOC_STRINGS = NO;
				SWIFT_VERSION = 5.0;
				TARGETED_DEVICE_FAMILY = "1,2";
				TEST_HOST = "$(BUILT_PRODUCTS_DIR)/SimplePoll.app/SimplePoll";
			};
			name = Release;
		};
		9259D89F274451D50060636C /* Debug */ = {
			isa = XCBuildConfiguration;
			buildSettings = {
				ALWAYS_EMBED_SWIFT_STANDARD_LIBRARIES = YES;
				CODE_SIGN_STYLE = Automatic;
				CURRENT_PROJECT_VERSION = 1;
				DEVELOPMENT_TEAM = QB53JF3SDG;
				GENERATE_INFOPLIST_FILE = YES;
				LD_RUNPATH_SEARCH_PATHS = (
					"$(inherited)",
					"@executable_path/Frameworks",
					"@loader_path/Frameworks",
				);
				MARKETING_VERSION = 1.0;
				PRODUCT_BUNDLE_IDENTIFIER = com.ayaanmahimwala.SimplePollUITests;
				PRODUCT_NAME = "$(TARGET_NAME)";
				SWIFT_EMIT_LOC_STRINGS = NO;
				SWIFT_VERSION = 5.0;
				TARGETED_DEVICE_FAMILY = "1,2";
				TEST_TARGET_NAME = SimplePoll;
			};
			name = Debug;
		};
		9259D8A0274451D50060636C /* Release */ = {
			isa = XCBuildConfiguration;
			buildSettings = {
				ALWAYS_EMBED_SWIFT_STANDARD_LIBRARIES = YES;
				CODE_SIGN_STYLE = Automatic;
				CURRENT_PROJECT_VERSION = 1;
				DEVELOPMENT_TEAM = QB53JF3SDG;
				GENERATE_INFOPLIST_FILE = YES;
				LD_RUNPATH_SEARCH_PATHS = (
					"$(inherited)",
					"@executable_path/Frameworks",
					"@loader_path/Frameworks",
				);
				MARKETING_VERSION = 1.0;
				PRODUCT_BUNDLE_IDENTIFIER = com.ayaanmahimwala.SimplePollUITests;
				PRODUCT_NAME = "$(TARGET_NAME)";
				SWIFT_EMIT_LOC_STRINGS = NO;
				SWIFT_VERSION = 5.0;
				TARGETED_DEVICE_FAMILY = "1,2";
				TEST_TARGET_NAME = SimplePoll;
			};
			name = Release;
		};
/* End XCBuildConfiguration section */

/* Begin XCConfigurationList section */
		9259D86F274451D30060636C /* Build configuration list for PBXProject "SimplePoll" */ = {
			isa = XCConfigurationList;
			buildConfigurations = (
				9259D896274451D50060636C /* Debug */,
				9259D897274451D50060636C /* Release */,
			);
			defaultConfigurationIsVisible = 0;
			defaultConfigurationName = Release;
		};
		9259D898274451D50060636C /* Build configuration list for PBXNativeTarget "SimplePoll" */ = {
			isa = XCConfigurationList;
			buildConfigurations = (
				9259D899274451D50060636C /* Debug */,
				9259D89A274451D50060636C /* Release */,
			);
			defaultConfigurationIsVisible = 0;
			defaultConfigurationName = Release;
		};
		9259D89B274451D50060636C /* Build configuration list for PBXNativeTarget "SimplePollTests" */ = {
			isa = XCConfigurationList;
			buildConfigurations = (
				9259D89C274451D50060636C /* Debug */,
				9259D89D274451D50060636C /* Release */,
			);
			defaultConfigurationIsVisible = 0;
			defaultConfigurationName = Release;
		};
		9259D89E274451D50060636C /* Build configuration list for PBXNativeTarget "SimplePollUITests" */ = {
			isa = XCConfigurationList;
			buildConfigurations = (
				9259D89F274451D50060636C /* Debug */,
				9259D8A0274451D50060636C /* Release */,
			);
			defaultConfigurationIsVisible = 0;
			defaultConfigurationName = Release;
		};
/* End XCConfigurationList section */
	};
	rootObject = 9259D86C274451D30060636C /* Project object */;
}
